
Microsoft Visual Studio Solution File, Format Version 12.00
# Visual Studio Version 17
VisualStudioVersion = 17.3.32819.101
MinimumVisualStudioVersion = 10.0.40219.1
Project("{FAE04EC0-301F-11D3-BF4B-00C04F79EFBC}") = "GitHubIntroductionFrontEnd", "GitHubIntroductionFrontEnd\GitHubIntroductionFrontEnd.csproj", "{A36AFCA7-67DB-411C-BF9A-100559EF22F8}"
EndProject
Global
	GlobalSection(SolutionConfigurationPlatforms) = preSolution
		Debug|Any CPU = Debug|Any CPU
		Release|Any CPU = Release|Any CPU
	EndGlobalSection
	GlobalSection(ProjectConfigurationPlatforms) = postSolution
		{A36AFCA7-67DB-411C-BF9A-100559EF22F8}.Debug|Any CPU.ActiveCfg = Debug|Any CPU
		{A36AFCA7-67DB-411C-BF9A-100559EF22F8}.Debug|Any CPU.Build.0 = Debug|Any CPU
		{A36AFCA7-67DB-411C-BF9A-100559EF22F8}.Release|Any CPU.ActiveCfg = Release|Any CPU
		{A36AFCA7-67DB-411C-BF9A-100559EF22F8}.Release|Any CPU.Build.0 = Release|Any CPU
	EndGlobalSection
	GlobalSection(SolutionProperties) = preSolution
		HideSolutionNode = FALSE
	EndGlobalSection
	GlobalSection(ExtensibilityGlobals) = postSolution
		SolutionGuid = {F9C1B78A-1E84-4C1B-8E05-B76B717E56AD}
	EndGlobalSection
EndGlobal
